
Microsoft Visual Studio Solution File, Format Version 12.00
# Visual Studio Version 17
VisualStudioVersion = 17.7.34024.191
MinimumVisualStudioVersion = 10.0.40219.1
Project("{FAE04EC0-301F-11D3-BF4B-00C04F79EFBC}") = "FootballBot", "FootballBot.csproj", "{AED30011-E671-4EB4-AFAA-F3271BBF37F5}"
EndProject
Global
	GlobalSection(SolutionConfigurationPlatforms) = preSolution
		Debug|Any CPU = Debug|Any CPU
		Release|Any CPU = Release|Any CPU
	EndGlobalSection
	GlobalSection(ProjectConfigurationPlatforms) = postSolution
		{AED30011-E671-4EB4-AFAA-F3271BBF37F5}.Debug|Any CPU.ActiveCfg = Debug|Any CPU
		{AED30011-E671-4EB4-AFAA-F3271BBF37F5}.Debug|Any CPU.Build.0 = Debug|Any CPU
		{AED30011-E671-4EB4-AFAA-F3271BBF37F5}.Release|Any CPU.ActiveCfg = Release|Any CPU
		{AED30011-E671-4EB4-AFAA-F3271BBF37F5}.Release|Any CPU.Build.0 = Release|Any CPU
	EndGlobalSection
	GlobalSection(SolutionProperties) = preSolution
		HideSolutionNode = FALSE
	EndGlobalSection
	GlobalSection(ExtensibilityGlobals) = postSolution
		SolutionGuid = {6B4EC6AC-CFC9-4E89-81E6-709DBD463B98}
	EndGlobalSection
EndGlobal
